<?xml version="1.0" encoding="utf-8"?>
<Project ToolsVersion="4.0" xmlns="http://schemas.microsoft.com/developer/msbuild/2003">
  <ItemGroup>
    <Filter Include="Source Files">
      <UniqueIdentifier>{4FC737F1-C7A5-4376-A066-2A32D752A2FF}</UniqueIdentifier>
      <Extensions>cpp;c;cc;cxx;def;odl;idl;hpj;bat;asm;asmx</Extensions>
    </Filter>
    <Filter Include="Header Files">
      <UniqueIdentifier>{93995380-89BD-4b04-88EB-625FBE52EBFB}</UniqueIdentifier>
      <Extensions>h;hh;hpp;hxx;hm;inl;inc;xsd</Extensions>
    </Filter>
    <Filter Include="Resource Files">
      <UniqueIdentifier>{67DA6AB6-F800-4c08-8B7A-83BB121AAD01}</UniqueIdentifier>
      <Extensions>rc;ico;cur;bmp;dlg;rc2;rct;bin;rgs;gif;jpg;jpeg;jpe;resx;tiff;tif;png;wav;mfcribbon-ms</Extensions>
    </Filter>
  </ItemGroup>
  <ItemGroup>
    <ClInclude Include="Includes\Macros\OS.h">
      <Filter>Header Files</Filter>
    </ClInclude>
    <ClInclude Include="Includes\Dependencies\Pugi\pugiconfig.hpp">
      <Filter>Header Files</Filter>
    </ClInclude>
    <ClInclude Include="Includes\Dependencies\Pugi\pugixml.hpp">
      <Filter>Header Files</Filter>
    </ClInclude>
    <ClInclude Include="Includes\Dependencies\Miniz\miniz.h">
      <Filter>Header Files</Filter>
    </ClInclude>
    <ClInclude Include="Includes\Event\Event.h">
      <Filter>Header Files</Filter>
    </ClInclude>
    <ClInclude Include="Includes\IO\File\Enum\Compression.h">
      <Filter>Header Files</Filter>
    </ClInclude>
    <ClInclude Include="Includes\IO\File\Enum\Encoding.h">
      <Filter>Header Files</Filter>
    </ClInclude>
    <ClInclude Include="Includes\IO\File\Enum\Flip.h">
      <Filter>Header Files</Filter>
    </ClInclude>
    <ClInclude Include="Includes\IO\File\Enum\Orientation.h">
      <Filter>Header Files</Filter>
    </ClInclude>
    <ClInclude Include="Includes\IO\File\Enum\RenderOrder.h">
      <Filter>Header Files</Filter>
    </ClInclude>
    <ClInclude Include="Includes\IO\File\Enum\Shape.h">
      <Filter>Header Files</Filter>
    </ClInclude>
    <ClInclude Include="Includes\IO\File\Structure\Animation.h">
      <Filter>Header Files</Filter>
    </ClInclude>
    <ClInclude Include="Includes\IO\File\Structure\Color.h">
      <Filter>Header Files</Filter>
    </ClInclude>
    <ClInclude Include="Includes\IO\File\Structure\Data.h">
      <Filter>Header Files</Filter>
    </ClInclude>
    <ClInclude Include="Includes\IO\File\Structure\Frame.h">
      <Filter>Header Files</Filter>
    </ClInclude>
    <ClInclude Include="Includes\IO\File\Structure\Header.h">
      <Filter>Header Files</Filter>
    </ClInclude>
    <ClInclude Include="Includes\IO\File\Structure\Image.h">
      <Filter>Header Files</Filter>
    </ClInclude>
    <ClInclude Include="Includes\IO\File\Structure\ImageLayer.h">
      <Filter>Header Files</Filter>
    </ClInclude>
    <ClInclude Include="Includes\IO\File\Structure\Layer.h">
      <Filter>Header Files</Filter>
    </ClInclude>
    <ClInclude Include="Includes\IO\File\Structure\Object.h">
      <Filter>Header Files</Filter>
    </ClInclude>
    <ClInclude Include="Includes\IO\File\Structure\ObjectLayer.h">
      <Filter>Header Files</Filter>
    </ClInclude>
    <ClInclude Include="Includes\IO\File\Structure\Point.h">
      <Filter>Header Files</Filter>
    </ClInclude>
    <ClInclude Include="Includes\IO\File\Structure\Property.h">
      <Filter>Header Files</Filter>
    </ClInclude>
    <ClInclude Include="Includes\IO\File\Structure\PropertySet.h">
      <Filter>Header Files</Filter>
    </ClInclude>
    <ClInclude Include="Includes\IO\File\Structure\Tile.h">
      <Filter>Header Files</Filter>
    </ClInclude>
    <ClInclude Include="Includes\IO\File\Structure\TileLayer.h">
      <Filter>Header Files</Filter>
    </ClInclude>
    <ClInclude Include="Includes\IO\File\Structure\TileSet.h">
      <Filter>Header Files</Filter>
    </ClInclude>
    <ClInclude Include="Includes\IO\Path\Path.h">
      <Filter>Header Files</Filter>
    </ClInclude>
    <ClInclude Include="Includes\IO\Compression\Decoder.h">
      <Filter>Header Files</Filter>
    </ClInclude>
    <ClInclude Include="Includes\IO\File\FileMetadata.h">
      <Filter>Header Files</Filter>
    </ClInclude>
    <ClInclude Include="Includes\IO\File\File.h">
      <Filter>Header Files</Filter>
    </ClInclude>
    <ClInclude Include="Includes\Macros\API.h">
      <Filter>Header Files</Filter>
    </ClInclude>
    <ClInclude Include="Includes\IO\File\Builder\FileParser.h">
      <Filter>Header Files</Filter>
    </ClInclude>
    <ClInclude Include="Includes\IO\File\Builder\FileReader.h">
      <Filter>Header Files</Filter>
    </ClInclude>
    <ClInclude Include="Includes\IO\File\Enum\Material.h">
      <Filter>Header Files</Filter>
    </ClInclude>
    <ClInclude Include="Includes\IO\File\Enum\StaggerAxis.h">
      <Filter>Header Files</Filter>
    </ClInclude>
    <ClInclude Include="Includes\IO\File\Enum\StaggerIndex.h">
      <Filter>Header Files</Filter>
    </ClInclude>
    <ClInclude Include="Includes\IO\File\Builder\FileReaderSettings.h">
      <Filter>Header Files</Filter>
    </ClInclude>
    <ClInclude Include="Includes\IO\File\Enum\Type.h">
      <Filter>Header Files</Filter>
    </ClInclude>
    <ClInclude Include="Includes\IO\File\Structure\CroppedImage.h">
      <Filter>Header Files</Filter>
    </ClInclude>
    <ClInclude Include="Includes\Macros\Flags.h">
      <Filter>Header Files</Filter>
    </ClInclude>
  </ItemGroup>
  <ItemGroup>
    <ClCompile Include="Sources\Dependencies\Pugi\pugixml.cpp">
      <Filter>Source Files</Filter>
    </ClCompile>
    <ClCompile Include="Sources\Dependencies\Miniz\miniz.c">
      <Filter>Source Files</Filter>
    </ClCompile>
    <ClCompile Include="Sources\IO\File\Structure\Color.cpp">
      <Filter>Source Files</Filter>
    </ClCompile>
    <ClCompile Include="Sources\IO\File\Structure\Frame.cpp">
      <Filter>Source Files</Filter>
    </ClCompile>
    <ClCompile Include="Sources\IO\File\Structure\Header.cpp">
      <Filter>Source Files</Filter>
    </ClCompile>
    <ClCompile Include="Sources\IO\File\Structure\Image.cpp">
      <Filter>Source Files</Filter>
    </ClCompile>
    <ClCompile Include="Sources\IO\File\Structure\Layer.cpp">
      <Filter>Source Files</Filter>
    </ClCompile>
    <ClCompile Include="Sources\IO\File\Structure\Object.cpp">
      <Filter>Source Files</Filter>
    </ClCompile>
    <ClCompile Include="Sources\IO\File\Structure\Point.cpp">
      <Filter>Source Files</Filter>
    </ClCompile>
    <ClCompile Include="Sources\IO\File\Structure\Property.cpp">
      <Filter>Source Files</Filter>
    </ClCompile>
    <ClCompile Include="Sources\IO\File\Structure\PropertySet.cpp">
      <Filter>Source Files</Filter>
    </ClCompile>
    <ClCompile Include="Sources\IO\File\Structure\Tile.cpp">
      <Filter>Source Files</Filter>
    </ClCompile>
    <ClCompile Include="Sources\IO\File\Structure\TileLayer.cpp">
      <Filter>Source Files</Filter>
    </ClCompile>
    <ClCompile Include="Sources\IO\File\Structure\TileSet.cpp">
      <Filter>Source Files</Filter>
    </ClCompile>
    <ClCompile Include="Sources\IO\Path\Path.cpp">
      <Filter>Source Files</Filter>
    </ClCompile>
    <ClCompile Include="Sources\IO\File\FileMetadata.cpp">
      <Filter>Source Files</Filter>
    </ClCompile>
    <ClCompile Include="Sources\IO\File\File.cpp">
      <Filter>Source Files</Filter>
    </ClCompile>
    <ClCompile Include="Sources\IO\Compression\Decoder.cpp">
      <Filter>Source Files</Filter>
    </ClCompile>
    <ClCompile Include="Sources\IO\File\Builder\FileParser.cpp">
      <Filter>Source Files</Filter>
    </ClCompile>
    <ClCompile Include="Sources\IO\File\Builder\FileReader.cpp">
      <Filter>Source Files</Filter>
    </ClCompile>
    <ClCompile Include="Sources\IO\File\Structure\ObjectLayer.cpp">
      <Filter>Source Files</Filter>
    </ClCompile>
    <ClCompile Include="Sources\IO\File\Structure\ImageLayer.cpp">
      <Filter>Source Files</Filter>
    </ClCompile>
  </ItemGroup>
  <ItemGroup>
    <None Include="Includes\Event\Inline\Event.inl">
      <Filter>Header Files</Filter>
    </None>
  </ItemGroup>
</Project>